
Microsoft Visual Studio Solution File, Format Version 12.00
# Visual Studio Version 16
VisualStudioVersion = 16.0.29709.97
MinimumVisualStudioVersion = 10.0.40219.1
Project("{FAE04EC0-301F-11D3-BF4B-00C04F79EFBC}") = "library_sys", "library_sys\library_sys.csproj", "{D6D4AAD3-BB9C-4FF1-9920-031D43211EDE}"
EndProject
Project("{2150E333-8FDC-42A3-9474-1A3956D46DE8}") = "Solution Items", "Solution Items", "{3E5E0787-4FA5-4C4F-B97D-A4D5C6B5E09B}"
	ProjectSection(SolutionItems) = preProject
		.editorconfig = .editorconfig
	EndProjectSection
EndProject
Global
	GlobalSection(SolutionConfigurationPlatforms) = preSolution
		Debug|Any CPU = Debug|Any CPU
		Release|Any CPU = Release|Any CPU
	EndGlobalSection
	GlobalSection(ProjectConfigurationPlatforms) = postSolution
		{D6D4AAD3-BB9C-4FF1-9920-031D43211EDE}.Debug|Any CPU.ActiveCfg = Debug|Any CPU
		{D6D4AAD3-BB9C-4FF1-9920-031D43211EDE}.Debug|Any CPU.Build.0 = Debug|Any CPU
		{D6D4AAD3-BB9C-4FF1-9920-031D43211EDE}.Release|Any CPU.ActiveCfg = Release|Any CPU
		{D6D4AAD3-BB9C-4FF1-9920-031D43211EDE}.Release|Any CPU.Build.0 = Release|Any CPU
	EndGlobalSection
	GlobalSection(SolutionProperties) = preSolution
		HideSolutionNode = FALSE
	EndGlobalSection
	GlobalSection(ExtensibilityGlobals) = postSolution
		SolutionGuid = {00979C40-4BC4-4F84-A4A9-55942FF20C1C}
	EndGlobalSection
EndGlobal
